
Microsoft Visual Studio Solution File, Format Version 12.00
# Visual Studio Version 16
VisualStudioVersion = 16.0.29609.76
MinimumVisualStudioVersion = 10.0.40219.1
Project("{2150E333-8FDC-42A3-9474-1A3956D46DE8}") = "Version 1", "Version 1", "{8C0B9E2E-6B00-41F5-B25F-B20B9B90B9AA}"
EndProject
Project("{FAE04EC0-301F-11D3-BF4B-00C04F79EFBC}") = "HelloWorld", "HelloWorld\HelloWorld.csproj", "{6B55D432-3338-41A4-93AF-F6EA6E8903C3}"
EndProject
Project("{2150E333-8FDC-42A3-9474-1A3956D46DE8}") = "Version 2", "Version 2", "{BE031434-9B22-4CF2-AF92-A6389B66A452}"
EndProject
Project("{FAE04EC0-301F-11D3-BF4B-00C04F79EFBC}") = "HelloWorld.V2.Web", "HelloWorld-V2\HelloWorld.V2.Web.csproj", "{D703120D-9326-426F-8A5E-374DE78B6F4B}"
EndProject
Project("{FAE04EC0-301F-11D3-BF4B-00C04F79EFBC}") = "HelloWorld.V2.Domain", "HelloWorld.Domain\HelloWorld.V2.Domain.csproj", "{F0C969D8-FCC9-4E7C-AD23-4D3A527E0B4B}"
EndProject
Project("{FAE04EC0-301F-11D3-BF4B-00C04F79EFBC}") = "HelloWorld.V2.Infrastructure", "HelloWorld.Infrastructure\HelloWorld.V2.Infrastructure.csproj", "{438AB58B-C701-42EC-8EBA-3481F5CB45B6}"
EndProject
Project("{2150E333-8FDC-42A3-9474-1A3956D46DE8}") = "Version 3", "Version 3", "{677105B8-6DA4-45F8-96CA-52AF1F1CB6C3}"
EndProject
Project("{FAE04EC0-301F-11D3-BF4B-00C04F79EFBC}") = "HelloWorld.V3.Infrastructure", "HelloWorld.V3.Infrastructure\HelloWorld.V3.Infrastructure.csproj", "{660B2187-D560-4BFA-B079-7D058F15EFCA}"
EndProject
Project("{FAE04EC0-301F-11D3-BF4B-00C04F79EFBC}") = "HelloWorld.V3.Domain", "HelloWorld.V3.Domain\HelloWorld.V3.Domain.csproj", "{6AD98EC7-3871-4BF8-99CB-4157D9B0447A}"
EndProject
Project("{2150E333-8FDC-42A3-9474-1A3956D46DE8}") = "Version 4", "Version 4", "{2D36DACB-503D-413C-8D6D-C42449AA5BB2}"
EndProject
Project("{FAE04EC0-301F-11D3-BF4B-00C04F79EFBC}") = "HelloWorld.V4.Web.Write", "HelloWorld.V4.Web.Write\HelloWorld.V4.Web.Write.csproj", "{F9E72D38-599E-457E-849A-D1B559C09F17}"
EndProject
Project("{FAE04EC0-301F-11D3-BF4B-00C04F79EFBC}") = "HelloWorld.V4.Web.Read", "HelloWorld.V4.Web.Read\HelloWorld.V4.Web.Read.csproj", "{12A40AC7-0357-460C-BA15-6EA1D2A60543}"
EndProject
Project("{2150E333-8FDC-42A3-9474-1A3956D46DE8}") = "Version 5", "Version 5", "{8308F1AF-14B7-455C-A988-0402B888795E}"
EndProject
Project("{FAE04EC0-301F-11D3-BF4B-00C04F79EFBC}") = "HelloWorld.V3.Web", "HelloWorld-V3\HelloWorld.V3.Web.csproj", "{A4928BC3-6D32-42C2-91C8-EB595118D6A4}"
EndProject
Project("{FAE04EC0-301F-11D3-BF4B-00C04F79EFBC}") = "HelloWorld.V4.Read.Domain", "HelloWorld.V4.Read.Domain\HelloWorld.V4.Read.Domain.csproj", "{D54EC385-10B2-4B25-9B79-41E365755876}"
EndProject
Project("{FAE04EC0-301F-11D3-BF4B-00C04F79EFBC}") = "HelloWorld.V4.Web", "HelloWorld.V4.Web\HelloWorld.V4.Web.csproj", "{A339A213-B817-4754-AD4E-C577CCA24379}"
EndProject
Project("{FAE04EC0-301F-11D3-BF4B-00C04F79EFBC}") = "HelloWorld.V4.Read.Infrastructure", "HelloWorld.V4.Read.Infrastructure\HelloWorld.V4.Read.Infrastructure.csproj", "{4BA5AC39-D828-4B6D-9D5B-F978FB0F8621}"
EndProject
Project("{FAE04EC0-301F-11D3-BF4B-00C04F79EFBC}") = "HelloWorld.V4.Web.Read.SDK", "HelloWorld.V4.Web.Read.SDK\HelloWorld.V4.Web.Read.SDK.csproj", "{EB620182-BB31-4D72-BA51-928D6D941E7A}"
EndProject
Project("{FAE04EC0-301F-11D3-BF4B-00C04F79EFBC}") = "HelloWorld.V4.Write.Infrastructure", "HelloWorld.V4.Write.Infrastructure\HelloWorld.V4.Write.Infrastructure.csproj", "{A88CC1C7-2D40-47DD-B450-D4B2D898F326}"
EndProject
Project("{FAE04EC0-301F-11D3-BF4B-00C04F79EFBC}") = "HelloWorld.V4.Write.Domain", "HelloWorld.V4.Write.Domain\HelloWorld.V4.Write.Domain.csproj", "{CC5273E6-6FE7-4697-810E-159B19C9F1D0}"
EndProject
Project("{FAE04EC0-301F-11D3-BF4B-00C04F79EFBC}") = "HelloWorld.V4.Web.Write.SDK", "HelloWorld.V4.Web.Write.SDK\HelloWorld.V4.Web.Write.SDK.csproj", "{3089ABEB-49E7-4E73-8F61-E30B3968D685}"
EndProject
Project("{FAE04EC0-301F-11D3-BF4B-00C04F79EFBC}") = "HelloWorld.V4.Console.Write", "HelloWorld.V4.Console.Write\HelloWorld.V4.Console.Write.csproj", "{00C5D7EA-99E7-4FDB-A9DB-BAE68F452C47}"
EndProject
Project("{FAE04EC0-301F-11D3-BF4B-00C04F79EFBC}") = "HelloWorld.V5.Write.Infrastructure", "HelloWorld.V5.Infrastructure.Write\HelloWorld.V5.Write.Infrastructure.csproj", "{2F31EBA3-AF8A-42EC-AE8A-AD3B0F4B5C91}"
EndProject
Project("{FAE04EC0-301F-11D3-BF4B-00C04F79EFBC}") = "HelloWorld.V5.Console.Write", "HelloWorld.V5.Console.Write\HelloWorld.V5.Console.Write.csproj", "{3BA70E89-9C7E-47DC-9D9A-8D9760A8B9EB}"
EndProject
Global
	GlobalSection(SolutionConfigurationPlatforms) = preSolution
		Debug|Any CPU = Debug|Any CPU
		Release|Any CPU = Release|Any CPU
	EndGlobalSection
	GlobalSection(ProjectConfigurationPlatforms) = postSolution
		{6B55D432-3338-41A4-93AF-F6EA6E8903C3}.Debug|Any CPU.ActiveCfg = Debug|Any CPU
		{6B55D432-3338-41A4-93AF-F6EA6E8903C3}.Debug|Any CPU.Build.0 = Debug|Any CPU
		{6B55D432-3338-41A4-93AF-F6EA6E8903C3}.Release|Any CPU.ActiveCfg = Release|Any CPU
		{6B55D432-3338-41A4-93AF-F6EA6E8903C3}.Release|Any CPU.Build.0 = Release|Any CPU
		{D703120D-9326-426F-8A5E-374DE78B6F4B}.Debug|Any CPU.ActiveCfg = Debug|Any CPU
		{D703120D-9326-426F-8A5E-374DE78B6F4B}.Debug|Any CPU.Build.0 = Debug|Any CPU
		{D703120D-9326-426F-8A5E-374DE78B6F4B}.Release|Any CPU.ActiveCfg = Release|Any CPU
		{D703120D-9326-426F-8A5E-374DE78B6F4B}.Release|Any CPU.Build.0 = Release|Any CPU
		{F0C969D8-FCC9-4E7C-AD23-4D3A527E0B4B}.Debug|Any CPU.ActiveCfg = Debug|Any CPU
		{F0C969D8-FCC9-4E7C-AD23-4D3A527E0B4B}.Debug|Any CPU.Build.0 = Debug|Any CPU
		{F0C969D8-FCC9-4E7C-AD23-4D3A527E0B4B}.Release|Any CPU.ActiveCfg = Release|Any CPU
		{F0C969D8-FCC9-4E7C-AD23-4D3A527E0B4B}.Release|Any CPU.Build.0 = Release|Any CPU
		{438AB58B-C701-42EC-8EBA-3481F5CB45B6}.Debug|Any CPU.ActiveCfg = Debug|Any CPU
		{438AB58B-C701-42EC-8EBA-3481F5CB45B6}.Debug|Any CPU.Build.0 = Debug|Any CPU
		{438AB58B-C701-42EC-8EBA-3481F5CB45B6}.Release|Any CPU.ActiveCfg = Release|Any CPU
		{438AB58B-C701-42EC-8EBA-3481F5CB45B6}.Release|Any CPU.Build.0 = Release|Any CPU
		{660B2187-D560-4BFA-B079-7D058F15EFCA}.Debug|Any CPU.ActiveCfg = Debug|Any CPU
		{660B2187-D560-4BFA-B079-7D058F15EFCA}.Debug|Any CPU.Build.0 = Debug|Any CPU
		{660B2187-D560-4BFA-B079-7D058F15EFCA}.Release|Any CPU.ActiveCfg = Release|Any CPU
		{660B2187-D560-4BFA-B079-7D058F15EFCA}.Release|Any CPU.Build.0 = Release|Any CPU
		{6AD98EC7-3871-4BF8-99CB-4157D9B0447A}.Debug|Any CPU.ActiveCfg = Debug|Any CPU
		{6AD98EC7-3871-4BF8-99CB-4157D9B0447A}.Debug|Any CPU.Build.0 = Debug|Any CPU
		{6AD98EC7-3871-4BF8-99CB-4157D9B0447A}.Release|Any CPU.ActiveCfg = Release|Any CPU
		{6AD98EC7-3871-4BF8-99CB-4157D9B0447A}.Release|Any CPU.Build.0 = Release|Any CPU
		{F9E72D38-599E-457E-849A-D1B559C09F17}.Debug|Any CPU.ActiveCfg = Debug|Any CPU
		{F9E72D38-599E-457E-849A-D1B559C09F17}.Debug|Any CPU.Build.0 = Debug|Any CPU
		{F9E72D38-599E-457E-849A-D1B559C09F17}.Release|Any CPU.ActiveCfg = Release|Any CPU
		{F9E72D38-599E-457E-849A-D1B559C09F17}.Release|Any CPU.Build.0 = Release|Any CPU
		{12A40AC7-0357-460C-BA15-6EA1D2A60543}.Debug|Any CPU.ActiveCfg = Debug|Any CPU
		{12A40AC7-0357-460C-BA15-6EA1D2A60543}.Debug|Any CPU.Build.0 = Debug|Any CPU
		{12A40AC7-0357-460C-BA15-6EA1D2A60543}.Release|Any CPU.ActiveCfg = Release|Any CPU
		{12A40AC7-0357-460C-BA15-6EA1D2A60543}.Release|Any CPU.Build.0 = Release|Any CPU
		{A4928BC3-6D32-42C2-91C8-EB595118D6A4}.Debug|Any CPU.ActiveCfg = Debug|Any CPU
		{A4928BC3-6D32-42C2-91C8-EB595118D6A4}.Debug|Any CPU.Build.0 = Debug|Any CPU
		{A4928BC3-6D32-42C2-91C8-EB595118D6A4}.Release|Any CPU.ActiveCfg = Release|Any CPU
		{A4928BC3-6D32-42C2-91C8-EB595118D6A4}.Release|Any CPU.Build.0 = Release|Any CPU
		{D54EC385-10B2-4B25-9B79-41E365755876}.Debug|Any CPU.ActiveCfg = Debug|Any CPU
		{D54EC385-10B2-4B25-9B79-41E365755876}.Debug|Any CPU.Build.0 = Debug|Any CPU
		{D54EC385-10B2-4B25-9B79-41E365755876}.Release|Any CPU.ActiveCfg = Release|Any CPU
		{D54EC385-10B2-4B25-9B79-41E365755876}.Release|Any CPU.Build.0 = Release|Any CPU
		{A339A213-B817-4754-AD4E-C577CCA24379}.Debug|Any CPU.ActiveCfg = Debug|Any CPU
		{A339A213-B817-4754-AD4E-C577CCA24379}.Debug|Any CPU.Build.0 = Debug|Any CPU
		{A339A213-B817-4754-AD4E-C577CCA24379}.Release|Any CPU.ActiveCfg = Release|Any CPU
		{A339A213-B817-4754-AD4E-C577CCA24379}.Release|Any CPU.Build.0 = Release|Any CPU
		{4BA5AC39-D828-4B6D-9D5B-F978FB0F8621}.Debug|Any CPU.ActiveCfg = Debug|Any CPU
		{4BA5AC39-D828-4B6D-9D5B-F978FB0F8621}.Debug|Any CPU.Build.0 = Debug|Any CPU
		{4BA5AC39-D828-4B6D-9D5B-F978FB0F8621}.Release|Any CPU.ActiveCfg = Release|Any CPU
		{4BA5AC39-D828-4B6D-9D5B-F978FB0F8621}.Release|Any CPU.Build.0 = Release|Any CPU
		{EB620182-BB31-4D72-BA51-928D6D941E7A}.Debug|Any CPU.ActiveCfg = Debug|Any CPU
		{EB620182-BB31-4D72-BA51-928D6D941E7A}.Debug|Any CPU.Build.0 = Debug|Any CPU
		{EB620182-BB31-4D72-BA51-928D6D941E7A}.Release|Any CPU.ActiveCfg = Release|Any CPU
		{EB620182-BB31-4D72-BA51-928D6D941E7A}.Release|Any CPU.Build.0 = Release|Any CPU
		{A88CC1C7-2D40-47DD-B450-D4B2D898F326}.Debug|Any CPU.ActiveCfg = Debug|Any CPU
		{A88CC1C7-2D40-47DD-B450-D4B2D898F326}.Debug|Any CPU.Build.0 = Debug|Any CPU
		{A88CC1C7-2D40-47DD-B450-D4B2D898F326}.Release|Any CPU.ActiveCfg = Release|Any CPU
		{A88CC1C7-2D40-47DD-B450-D4B2D898F326}.Release|Any CPU.Build.0 = Release|Any CPU
		{CC5273E6-6FE7-4697-810E-159B19C9F1D0}.Debug|Any CPU.ActiveCfg = Debug|Any CPU
		{CC5273E6-6FE7-4697-810E-159B19C9F1D0}.Debug|Any CPU.Build.0 = Debug|Any CPU
		{CC5273E6-6FE7-4697-810E-159B19C9F1D0}.Release|Any CPU.ActiveCfg = Release|Any CPU
		{CC5273E6-6FE7-4697-810E-159B19C9F1D0}.Release|Any CPU.Build.0 = Release|Any CPU
		{3089ABEB-49E7-4E73-8F61-E30B3968D685}.Debug|Any CPU.ActiveCfg = Debug|Any CPU
		{3089ABEB-49E7-4E73-8F61-E30B3968D685}.Debug|Any CPU.Build.0 = Debug|Any CPU
		{3089ABEB-49E7-4E73-8F61-E30B3968D685}.Release|Any CPU.ActiveCfg = Release|Any CPU
		{3089ABEB-49E7-4E73-8F61-E30B3968D685}.Release|Any CPU.Build.0 = Release|Any CPU
		{00C5D7EA-99E7-4FDB-A9DB-BAE68F452C47}.Debug|Any CPU.ActiveCfg = Debug|Any CPU
		{00C5D7EA-99E7-4FDB-A9DB-BAE68F452C47}.Debug|Any CPU.Build.0 = Debug|Any CPU
		{00C5D7EA-99E7-4FDB-A9DB-BAE68F452C47}.Release|Any CPU.ActiveCfg = Release|Any CPU
		{00C5D7EA-99E7-4FDB-A9DB-BAE68F452C47}.Release|Any CPU.Build.0 = Release|Any CPU
		{2F31EBA3-AF8A-42EC-AE8A-AD3B0F4B5C91}.Debug|Any CPU.ActiveCfg = Debug|Any CPU
		{2F31EBA3-AF8A-42EC-AE8A-AD3B0F4B5C91}.Debug|Any CPU.Build.0 = Debug|Any CPU
		{2F31EBA3-AF8A-42EC-AE8A-AD3B0F4B5C91}.Release|Any CPU.ActiveCfg = Release|Any CPU
		{2F31EBA3-AF8A-42EC-AE8A-AD3B0F4B5C91}.Release|Any CPU.Build.0 = Release|Any CPU
		{3BA70E89-9C7E-47DC-9D9A-8D9760A8B9EB}.Debug|Any CPU.ActiveCfg = Debug|Any CPU
		{3BA70E89-9C7E-47DC-9D9A-8D9760A8B9EB}.Debug|Any CPU.Build.0 = Debug|Any CPU
		{3BA70E89-9C7E-47DC-9D9A-8D9760A8B9EB}.Release|Any CPU.ActiveCfg = Release|Any CPU
		{3BA70E89-9C7E-47DC-9D9A-8D9760A8B9EB}.Release|Any CPU.Build.0 = Release|Any CPU
	EndGlobalSection
	GlobalSection(SolutionProperties) = preSolution
		HideSolutionNode = FALSE
	EndGlobalSection
	GlobalSection(NestedProjects) = preSolution
		{6B55D432-3338-41A4-93AF-F6EA6E8903C3} = {8C0B9E2E-6B00-41F5-B25F-B20B9B90B9AA}
		{D703120D-9326-426F-8A5E-374DE78B6F4B} = {BE031434-9B22-4CF2-AF92-A6389B66A452}
		{F0C969D8-FCC9-4E7C-AD23-4D3A527E0B4B} = {BE031434-9B22-4CF2-AF92-A6389B66A452}
		{438AB58B-C701-42EC-8EBA-3481F5CB45B6} = {BE031434-9B22-4CF2-AF92-A6389B66A452}
		{660B2187-D560-4BFA-B079-7D058F15EFCA} = {677105B8-6DA4-45F8-96CA-52AF1F1CB6C3}
		{6AD98EC7-3871-4BF8-99CB-4157D9B0447A} = {677105B8-6DA4-45F8-96CA-52AF1F1CB6C3}
		{F9E72D38-599E-457E-849A-D1B559C09F17} = {2D36DACB-503D-413C-8D6D-C42449AA5BB2}
		{12A40AC7-0357-460C-BA15-6EA1D2A60543} = {2D36DACB-503D-413C-8D6D-C42449AA5BB2}
		{A4928BC3-6D32-42C2-91C8-EB595118D6A4} = {677105B8-6DA4-45F8-96CA-52AF1F1CB6C3}
		{D54EC385-10B2-4B25-9B79-41E365755876} = {2D36DACB-503D-413C-8D6D-C42449AA5BB2}
		{A339A213-B817-4754-AD4E-C577CCA24379} = {2D36DACB-503D-413C-8D6D-C42449AA5BB2}
		{4BA5AC39-D828-4B6D-9D5B-F978FB0F8621} = {2D36DACB-503D-413C-8D6D-C42449AA5BB2}
		{EB620182-BB31-4D72-BA51-928D6D941E7A} = {2D36DACB-503D-413C-8D6D-C42449AA5BB2}
		{A88CC1C7-2D40-47DD-B450-D4B2D898F326} = {2D36DACB-503D-413C-8D6D-C42449AA5BB2}
		{CC5273E6-6FE7-4697-810E-159B19C9F1D0} = {2D36DACB-503D-413C-8D6D-C42449AA5BB2}
		{3089ABEB-49E7-4E73-8F61-E30B3968D685} = {2D36DACB-503D-413C-8D6D-C42449AA5BB2}
		{00C5D7EA-99E7-4FDB-A9DB-BAE68F452C47} = {2D36DACB-503D-413C-8D6D-C42449AA5BB2}
		{2F31EBA3-AF8A-42EC-AE8A-AD3B0F4B5C91} = {8308F1AF-14B7-455C-A988-0402B888795E}
		{3BA70E89-9C7E-47DC-9D9A-8D9760A8B9EB} = {8308F1AF-14B7-455C-A988-0402B888795E}
	EndGlobalSection
	GlobalSection(ExtensibilityGlobals) = postSolution
		SolutionGuid = {7F9A6C57-87A2-40C0-B954-084D92E74BEF}
	EndGlobalSection
EndGlobal
